
Microsoft Visual Studio Solution File, Format Version 12.00
# Visual Studio Version 16
VisualStudioVersion = 16.0.31321.278
MinimumVisualStudioVersion = 10.0.40219.1
Project("{8BC9CEB8-8B4A-11D0-8D11-00A0C91BC942}") = "Singletone", "Singletone\Singletone.vcxproj", "{510ABC8D-C98F-4FF1-B4AD-6ABF43AEA400}"
EndProject
Project("{8BC9CEB8-8B4A-11D0-8D11-00A0C91BC942}") = "Time", "Time\Time.vcxproj", "{25446AD7-4E37-48A5-B0A0-FFB77C9501E9}"
EndProject
Project("{8BC9CEB8-8B4A-11D0-8D11-00A0C91BC942}") = "Builder", "Builder\Builder.vcxproj", "{A87E8EDD-CF23-4493-9883-A6D4E2D042D7}"
EndProject
Project("{8BC9CEB8-8B4A-11D0-8D11-00A0C91BC942}") = "Factory", "Factory\Factory.vcxproj", "{38381963-AC3E-4596-957E-C857D1D99945}"
EndProject
Project("{8BC9CEB8-8B4A-11D0-8D11-00A0C91BC942}") = "AbstractFactory", "AbstractFactory\AbstractFactory.vcxproj", "{F4D53C27-22D5-4080-B943-D04497FB0641}"
EndProject
Project("{8BC9CEB8-8B4A-11D0-8D11-00A0C91BC942}") = "Prototype", "Prototype\Prototype.vcxproj", "{6230A59F-4EE1-4876-A07A-9BE1CDEF531A}"
EndProject
Global
	GlobalSection(SolutionConfigurationPlatforms) = preSolution
		Debug|x64 = Debug|x64
		Debug|x86 = Debug|x86
		Release|x64 = Release|x64
		Release|x86 = Release|x86
	EndGlobalSection
	GlobalSection(ProjectConfigurationPlatforms) = postSolution
		{510ABC8D-C98F-4FF1-B4AD-6ABF43AEA400}.Debug|x64.ActiveCfg = Debug|x64
		{510ABC8D-C98F-4FF1-B4AD-6ABF43AEA400}.Debug|x64.Build.0 = Debug|x64
		{510ABC8D-C98F-4FF1-B4AD-6ABF43AEA400}.Debug|x86.ActiveCfg = Debug|Win32
		{510ABC8D-C98F-4FF1-B4AD-6ABF43AEA400}.Debug|x86.Build.0 = Debug|Win32
		{510ABC8D-C98F-4FF1-B4AD-6ABF43AEA400}.Release|x64.ActiveCfg = Release|x64
		{510ABC8D-C98F-4FF1-B4AD-6ABF43AEA400}.Release|x64.Build.0 = Release|x64
		{510ABC8D-C98F-4FF1-B4AD-6ABF43AEA400}.Release|x86.ActiveCfg = Release|Win32
		{510ABC8D-C98F-4FF1-B4AD-6ABF43AEA400}.Release|x86.Build.0 = Release|Win32
		{25446AD7-4E37-48A5-B0A0-FFB77C9501E9}.Debug|x64.ActiveCfg = Debug|x64
		{25446AD7-4E37-48A5-B0A0-FFB77C9501E9}.Debug|x64.Build.0 = Debug|x64
		{25446AD7-4E37-48A5-B0A0-FFB77C9501E9}.Debug|x86.ActiveCfg = Debug|Win32
		{25446AD7-4E37-48A5-B0A0-FFB77C9501E9}.Debug|x86.Build.0 = Debug|Win32
		{25446AD7-4E37-48A5-B0A0-FFB77C9501E9}.Release|x64.ActiveCfg = Release|x64
		{25446AD7-4E37-48A5-B0A0-FFB77C9501E9}.Release|x64.Build.0 = Release|x64
		{25446AD7-4E37-48A5-B0A0-FFB77C9501E9}.Release|x86.ActiveCfg = Release|Win32
		{25446AD7-4E37-48A5-B0A0-FFB77C9501E9}.Release|x86.Build.0 = Release|Win32
		{A87E8EDD-CF23-4493-9883-A6D4E2D042D7}.Debug|x64.ActiveCfg = Debug|x64
		{A87E8EDD-CF23-4493-9883-A6D4E2D042D7}.Debug|x64.Build.0 = Debug|x64
		{A87E8EDD-CF23-4493-9883-A6D4E2D042D7}.Debug|x86.ActiveCfg = Debug|Win32
		{A87E8EDD-CF23-4493-9883-A6D4E2D042D7}.Debug|x86.Build.0 = Debug|Win32
		{A87E8EDD-CF23-4493-9883-A6D4E2D042D7}.Release|x64.ActiveCfg = Release|x64
		{A87E8EDD-CF23-4493-9883-A6D4E2D042D7}.Release|x64.Build.0 = Release|x64
		{A87E8EDD-CF23-4493-9883-A6D4E2D042D7}.Release|x86.ActiveCfg = Release|Win32
		{A87E8EDD-CF23-4493-9883-A6D4E2D042D7}.Release|x86.Build.0 = Release|Win32
		{38381963-AC3E-4596-957E-C857D1D99945}.Debug|x64.ActiveCfg = Debug|x64
		{38381963-AC3E-4596-957E-C857D1D99945}.Debug|x64.Build.0 = Debug|x64
		{38381963-AC3E-4596-957E-C857D1D99945}.Debug|x86.ActiveCfg = Debug|Win32
		{38381963-AC3E-4596-957E-C857D1D99945}.Debug|x86.Build.0 = Debug|Win32
		{38381963-AC3E-4596-957E-C857D1D99945}.Release|x64.ActiveCfg = Release|x64
		{38381963-AC3E-4596-957E-C857D1D99945}.Release|x64.Build.0 = Release|x64
		{38381963-AC3E-4596-957E-C857D1D99945}.Release|x86.ActiveCfg = Release|Win32
		{38381963-AC3E-4596-957E-C857D1D99945}.Release|x86.Build.0 = Release|Win32
		{F4D53C27-22D5-4080-B943-D04497FB0641}.Debug|x64.ActiveCfg = Debug|x64
		{F4D53C27-22D5-4080-B943-D04497FB0641}.Debug|x64.Build.0 = Debug|x64
		{F4D53C27-22D5-4080-B943-D04497FB0641}.Debug|x86.ActiveCfg = Debug|Win32
		{F4D53C27-22D5-4080-B943-D04497FB0641}.Debug|x86.Build.0 = Debug|Win32
		{F4D53C27-22D5-4080-B943-D04497FB0641}.Release|x64.ActiveCfg = Release|x64
		{F4D53C27-22D5-4080-B943-D04497FB0641}.Release|x64.Build.0 = Release|x64
		{F4D53C27-22D5-4080-B943-D04497FB0641}.Release|x86.ActiveCfg = Release|Win32
		{F4D53C27-22D5-4080-B943-D04497FB0641}.Release|x86.Build.0 = Release|Win32
		{6230A59F-4EE1-4876-A07A-9BE1CDEF531A}.Debug|x64.ActiveCfg = Debug|x64
		{6230A59F-4EE1-4876-A07A-9BE1CDEF531A}.Debug|x64.Build.0 = Debug|x64
		{6230A59F-4EE1-4876-A07A-9BE1CDEF531A}.Debug|x86.ActiveCfg = Debug|Win32
		{6230A59F-4EE1-4876-A07A-9BE1CDEF531A}.Debug|x86.Build.0 = Debug|Win32
		{6230A59F-4EE1-4876-A07A-9BE1CDEF531A}.Release|x64.ActiveCfg = Release|x64
		{6230A59F-4EE1-4876-A07A-9BE1CDEF531A}.Release|x64.Build.0 = Release|x64
		{6230A59F-4EE1-4876-A07A-9BE1CDEF531A}.Release|x86.ActiveCfg = Release|Win32
		{6230A59F-4EE1-4876-A07A-9BE1CDEF531A}.Release|x86.Build.0 = Release|Win32
	EndGlobalSection
	GlobalSection(SolutionProperties) = preSolution
		HideSolutionNode = FALSE
	EndGlobalSection
	GlobalSection(ExtensibilityGlobals) = postSolution
		SolutionGuid = {02CF751D-7EE1-4E4F-84B7-2848F11BE8DD}
	EndGlobalSection
EndGlobal
